// !$*UTF8*$!
{
	archiveVersion = 1;
	classes = {
	};
	objectVersion = 77;
	objects = {

/* Begin PBXContainerItemProxy section */
		D8DF1A2D2E54D5FC00DA5504 /* PBXContainerItemProxy */ = {
			isa = PBXContainerItemProxy;
			containerPortal = D8DF1A172E54D5FA00DA5504 /* Project object */;
			proxyType = 1;
			remoteGlobalIDString = D8DF1A1E2E54D5FA00DA5504;
			remoteInfo = PawCare;
		};
		D8DF1A372E54D5FC00DA5504 /* PBXContainerItemProxy */ = {
			isa = PBXContainerItemProxy;
			containerPortal = D8DF1A172E54D5FA00DA5504 /* Project object */;
			proxyType = 1;
			remoteGlobalIDString = D8DF1A1E2E54D5FA00DA5504;
			remoteInfo = PawCare;
		};
/* End PBXContainerItemProxy section */

/* Begin PBXFileReference section */
		D8DF1A1F2E54D5FA00DA5504 /* PawCare.app */ = {isa = PBXFileReference; explicitFileType = wrapper.application; includeInIndex = 0; path = PawCare.app; sourceTree = BUILT_PRODUCTS_DIR; };
		D8DF1A2C2E54D5FC00DA5504 /* PawCareTests.xctest */ = {isa = PBXFileReference; explicitFileType = wrapper.cfbundle; includeInIndex = 0; path = PawCareTests.xctest; sourceTree = BUILT_PRODUCTS_DIR; };
		D8DF1A362E54D5FC00DA5504 /* PawCareUITests.xctest */ = {isa = PBXFileReference; explicitFileType = wrapper.cfbundle; includeInIndex = 0; path = PawCareUITests.xctest; sourceTree = BUILT_PRODUCTS_DIR; };
/* End PBXFileReference section */

/* Begin PBXFileSystemSynchronizedRootGroup section */
		D8DF1A212E54D5FA00DA5504 /* PawCare */ = {
			isa = PBXFileSystemSynchronizedRootGroup;
			path = PawCare;
			sourceTree = "<group>";
		};
		D8DF1A2F2E54D5FC00DA5504 /* PawCareTests */ = {
			isa = PBXFileSystemSynchronizedRootGroup;
			path = PawCareTests;
			sourceTree = "<group>";
		};
		D8DF1A392E54D5FC00DA5504 /* PawCareUITests */ = {
			isa = PBXFileSystemSynchronizedRootGroup;
			path = PawCareUITests;
			sourceTree = "<group>";
		};
/* End PBXFileSystemSynchronizedRootGroup section */

/* Begin PBXFrameworksBuildPhase section */
		D8DF1A1C2E54D5FA00DA5504 /* Frameworks */ = {
			isa = PBXFrameworksBuildPhase;
			buildActionMask = 2147483647;
			files = (
			);
			runOnlyForDeploymentPostprocessing = 0;
		};
		D8DF1A292E54D5FC00DA5504 /* Frameworks */ = {
			isa = PBXFrameworksBuildPhase;
			buildActionMask = 2147483647;
			files = (
			);
			runOnlyForDeploymentPostprocessing = 0;
		};
		D8DF1A332E54D5FC00DA5504 /* Frameworks */ = {
			isa = PBXFrameworksBuildPhase;
			buildActionMask = 2147483647;
			files = (
			);
			runOnlyForDeploymentPostprocessing = 0;
		};
/* End PBXFrameworksBuildPhase section */

/* Begin PBXGroup section */
		D8DF1A162E54D5FA00DA5504 = {
			isa = PBXGroup;
			children = (
				D8DF1A212E54D5FA00DA5504 /* PawCare */,
				D8DF1A2F2E54D5FC00DA5504 /* PawCareTests */,
				D8DF1A392E54D5FC00DA5504 /* PawCareUITests */,
				D8DF1A202E54D5FA00DA5504 /* Products */,
			);
			sourceTree = "<group>";
		};
		D8DF1A202E54D5FA00DA5504 /* Products */ = {
			isa = PBXGroup;
			children = (
				D8DF1A1F2E54D5FA00DA5504 /* PawCare.app */,
				D8DF1A2C2E54D5FC00DA5504 /* PawCareTests.xctest */,
				D8DF1A362E54D5FC00DA5504 /* PawCareUITests.xctest */,
			);
			name = Products;
			sourceTree = "<group>";
		};
/* End PBXGroup section */

/* Begin PBXNativeTarget section */
		D8DF1A1E2E54D5FA00DA5504 /* PawCare */ = {
			isa = PBXNativeTarget;
			buildConfigurationList = D8DF1A402E54D5FC00DA5504 /* Build configuration list for PBXNativeTarget "PawCare" */;
			buildPhases = (
				D8DF1A1B2E54D5FA00DA5504 /* Sources */,
				D8DF1A1C2E54D5FA00DA5504 /* Frameworks */,
				D8DF1A1D2E54D5FA00DA5504 /* Resources */,
			);
			buildRules = (
			);
			dependencies = (
			);
			fileSystemSynchronizedGroups = (
				D8DF1A212E54D5FA00DA5504 /* PawCare */,
			);
			name = PawCare;
			packageProductDependencies = (
			);
			productName = PawCare;
			productReference = D8DF1A1F2E54D5FA00DA5504 /* PawCare.app */;
			productType = "com.apple.product-type.application";
		};
		D8DF1A2B2E54D5FC00DA5504 /* PawCareTests */ = {
			isa = PBXNativeTarget;
			buildConfigurationList = D8DF1A432E54D5FC00DA5504 /* Build configuration list for PBXNativeTarget "PawCareTests" */;
			buildPhases = (
				D8DF1A282E54D5FC00DA5504 /* Sources */,
				D8DF1A292E54D5FC00DA5504 /* Frameworks */,
				D8DF1A2A2E54D5FC00DA5504 /* Resources */,
			);
			buildRules = (
			);
			dependencies = (
				D8DF1A2E2E54D5FC00DA5504 /* PBXTargetDependency */,
			);
			fileSystemSynchronizedGroups = (
				D8DF1A2F2E54D5FC00DA5504 /* PawCareTests */,
			);
			name = PawCareTests;
			packageProductDependencies = (
			);
			productName = PawCareTests;
			productReference = D8DF1A2C2E54D5FC00DA5504 /* PawCareTests.xctest */;
			productType = "com.apple.product-type.bundle.unit-test";
		};
		D8DF1A352E54D5FC00DA5504 /* PawCareUITests */ = {
			isa = PBXNativeTarget;
			buildConfigurationList = D8DF1A462E54D5FC00DA5504 /* Build configuration list for PBXNativeTarget "PawCareUITests" */;
			buildPhases = (
				D8DF1A322E54D5FC00DA5504 /* Sources */,
				D8DF1A332E54D5FC00DA5504 /* Frameworks */,
				D8DF1A342E54D5FC00DA5504 /* Resources */,
			);
			buildRules = (
			);
			dependencies = (
				D8DF1A382E54D5FC00DA5504 /* PBXTargetDependency */,
			);
			fileSystemSynchronizedGroups = (
				D8DF1A392E54D5FC00DA5504 /* PawCareUITests */,
			);
			name = PawCareUITests;
			packageProductDependencies = (
			);
			productName = PawCareUITests;
			productReference = D8DF1A362E54D5FC00DA5504 /* PawCareUITests.xctest */;
			productType = "com.apple.product-type.bundle.ui-testing";
		};
/* End PBXNativeTarget section */

/* Begin PBXProject section */
		D8DF1A172E54D5FA00DA5504 /* Project object */ = {
			isa = PBXProject;
			attributes = {
				BuildIndependentTargetsInParallel = 1;
				LastSwiftUpdateCheck = 1640;
				LastUpgradeCheck = 1640;
				TargetAttributes = {
					D8DF1A1E2E54D5FA00DA5504 = {
						CreatedOnToolsVersion = 16.4;
					};
					D8DF1A2B2E54D5FC00DA5504 = {
						CreatedOnToolsVersion = 16.4;
						TestTargetID = D8DF1A1E2E54D5FA00DA5504;
					};
					D8DF1A352E54D5FC00DA5504 = {
						CreatedOnToolsVersion = 16.4;
						TestTargetID = D8DF1A1E2E54D5FA00DA5504;
					};
				};
			};
			buildConfigurationList = D8DF1A1A2E54D5FA00DA5504 /* Build configuration list for PBXProject "PawCare" */;
			developmentRegion = en;
			hasScannedForEncodings = 0;
			knownRegions = (
				en,
				Base,
			);
			mainGroup = D8DF1A162E54D5FA00DA5504;
			minimizedProjectReferenceProxies = 1;
			preferredProjectObjectVersion = 77;
			productRefGroup = D8DF1A202E54D5FA00DA5504 /* Products */;
			projectDirPath = "";
			projectRoot = "";
			targets = (
				D8DF1A1E2E54D5FA00DA5504 /* PawCare */,
				D8DF1A2B2E54D5FC00DA5504 /* PawCareTests */,
				D8DF1A352E54D5FC00DA5504 /* PawCareUITests */,
			);
		};
/* End PBXProject section */

/* Begin PBXResourcesBuildPhase section */
		D8DF1A1D2E54D5FA00DA5504 /* Resources */ = {
			isa = PBXResourcesBuildPhase;
			buildActionMask = 2147483647;
			files = (
			);
			runOnlyForDeploymentPostprocessing = 0;
		};
		D8DF1A2A2E54D5FC00DA5504 /* Resources */ = {
			isa = PBXResourcesBuildPhase;
			buildActionMask = 2147483647;
			files = (
			);
			runOnlyForDeploymentPostprocessing = 0;
		};
		D8DF1A342E54D5FC00DA5504 /* Resources */ = {
			isa = PBXResourcesBuildPhase;
			buildActionMask = 2147483647;
			files = (
			);
			runOnlyForDeploymentPostprocessing = 0;
		};
/* End PBXResourcesBuildPhase section */

/* Begin PBXSourcesBuildPhase section */
		D8DF1A1B2E54D5FA00DA5504 /* Sources */ = {
			isa = PBXSourcesBuildPhase;
			buildActionMask = 2147483647;
			files = (
			);
			runOnlyForDeploymentPostprocessing = 0;
		};
		D8DF1A282E54D5FC00DA5504 /* Sources */ = {
			isa = PBXSourcesBuildPhase;
			buildActionMask = 2147483647;
			files = (
			);
			runOnlyForDeploymentPostprocessing = 0;
		};
		D8DF1A322E54D5FC00DA5504 /* Sources */ = {
			isa = PBXSourcesBuildPhase;
			buildActionMask = 2147483647;
			files = (
			);
			runOnlyForDeploymentPostprocessing = 0;
		};
/* End PBXSourcesBuildPhase section */

/* Begin PBXTargetDependency section */
		D8DF1A2E2E54D5FC00DA5504 /* PBXTargetDependency */ = {
			isa = PBXTargetDependency;
			target = D8DF1A1E2E54D5FA00DA5504 /* PawCare */;
			targetProxy = D8DF1A2D2E54D5FC00DA5504 /* PBXContainerItemProxy */;
		};
		D8DF1A382E54D5FC00DA5504 /* PBXTargetDependency */ = {
			isa = PBXTargetDependency;
			target = D8DF1A1E2E54D5FA00DA5504 /* PawCare */;
			targetProxy = D8DF1A372E54D5FC00DA5504 /* PBXContainerItemProxy */;
		};
/* End PBXTargetDependency section */

/* Begin XCBuildConfiguration section */
		D8DF1A3E2E54D5FC00DA5504 /* Debug */ = {
			isa = XCBuildConfiguration;
			buildSettings = {
				ALWAYS_SEARCH_USER_PATHS = NO;
				ASSETCATALOG_COMPILER_GENERATE_SWIFT_ASSET_SYMBOL_EXTENSIONS = YES;
				CLANG_ANALYZER_NONNULL = YES;
				CLANG_ANALYZER_NUMBER_OBJECT_CONVERSION = YES_AGGRESSIVE;
				CLANG_CXX_LANGUAGE_STANDARD = "gnu++20";
				CLANG_ENABLE_MODULES = YES;
				CLANG_ENABLE_OBJC_ARC = YES;
				CLANG_ENABLE_OBJC_WEAK = YES;
				CLANG_WARN_BLOCK_CAPTURE_AUTORELEASING = YES;
				CLANG_WARN_BOOL_CONVERSION = YES;
				CLANG_WARN_COMMA = YES;
				CLANG_WARN_CONSTANT_CONVERSION = YES;
				CLANG_WARN_DEPRECATED_OBJC_IMPLEMENTATIONS = YES;
				CLANG_WARN_DIRECT_OBJC_ISA_USAGE = YES_ERROR;
				CLANG_WARN_DOCUMENTATION_COMMENTS = YES;
				CLANG_WARN_EMPTY_BODY = YES;
				CLANG_WARN_ENUM_CONVERSION = YES;
				CLANG_WARN_INFINITE_RECURSION = YES;
				CLANG_WARN_INT_CONVERSION = YES;
				CLANG_WARN_NON_LITERAL_NULL_CONVERSION = YES;
				CLANG_WARN_OBJC_IMPLICIT_RETAIN_SELF = YES;
				CLANG_WARN_OBJC_LITERAL_CONVERSION = YES;
				CLANG_WARN_OBJC_ROOT_CLASS = YES_ERROR;
				CLANG_WARN_QUOTED_INCLUDE_IN_FRAMEWORK_HEADER = YES;
				CLANG_WARN_RANGE_LOOP_ANALYSIS = YES;
				CLANG_WARN_STRICT_PROTOTYPES = YES;
				CLANG_WARN_SUSPICIOUS_MOVE = YES;
				CLANG_WARN_UNGUARDED_AVAILABILITY = YES_AGGRESSIVE;
				CLANG_WARN_UNREACHABLE_CODE = YES;
				CLANG_WARN__DUPLICATE_METHOD_MATCH = YES;
				COPY_PHASE_STRIP = NO;
				DEBUG_INFORMATION_FORMAT = dwarf;
				DEVELOPMENT_TEAM = 7U97V8874V;
				ENABLE_STRICT_OBJC_MSGSEND = YES;
				ENABLE_TESTABILITY = YES;
				ENABLE_USER_SCRIPT_SANDBOXING = YES;
				GCC_C_LANGUAGE_STANDARD = gnu17;
				GCC_DYNAMIC_NO_PIC = NO;
				GCC_NO_COMMON_BLOCKS = YES;
				GCC_OPTIMIZATION_LEVEL = 0;
				GCC_PREPROCESSOR_DEFINITIONS = (
					"DEBUG=1",
					"$(inherited)",
				);
				GCC_WARN_64_TO_32_BIT_CONVERSION = YES;
				GCC_WARN_ABOUT_RETURN_TYPE = YES_ERROR;
				GCC_WARN_UNDECLARED_SELECTOR = YES;
				GCC_WARN_UNINITIALIZED_AUTOS = YES_AGGRESSIVE;
				GCC_WARN_UNUSED_FUNCTION = YES;
				GCC_WARN_UNUSED_VARIABLE = YES;
				IPHONEOS_DEPLOYMENT_TARGET = 18.5;
				LOCALIZATION_PREFERS_STRING_CATALOGS = YES;
				MTL_ENABLE_DEBUG_INFO = INCLUDE_SOURCE;
				MTL_FAST_MATH = YES;
				ONLY_ACTIVE_ARCH = YES;
				SDKROOT = iphoneos;
				SWIFT_ACTIVE_COMPILATION_CONDITIONS = "DEBUG $(inherited)";
				SWIFT_OPTIMIZATION_LEVEL = "-Onone";
			};
			name = Debug;
		};
		D8DF1A3F2E54D5FC00DA5504 /* Release */ = {
			isa = XCBuildConfiguration;
			buildSettings = {
				ALWAYS_SEARCH_USER_PATHS = NO;
				ASSETCATALOG_COMPILER_GENERATE_SWIFT_ASSET_SYMBOL_EXTENSIONS = YES;
				CLANG_ANALYZER_NONNULL = YES;
				CLANG_ANALYZER_NUMBER_OBJECT_CONVERSION = YES_AGGRESSIVE;
				CLANG_CXX_LANGUAGE_STANDARD = "gnu++20";
				CLANG_ENABLE_MODULES = YES;
				CLANG_ENABLE_OBJC_ARC = YES;
				CLANG_ENABLE_OBJC_WEAK = YES;
				CLANG_WARN_BLOCK_CAPTURE_AUTORELEASING = YES;
				CLANG_WARN_BOOL_CONVERSION = YES;
				CLANG_WARN_COMMA = YES;
				CLANG_WARN_CONSTANT_CONVERSION = YES;
				CLANG_WARN_DEPRECATED_OBJC_IMPLEMENTATIONS = YES;
				CLANG_WARN_DIRECT_OBJC_ISA_USAGE = YES_ERROR;
				CLANG_WARN_DOCUMENTATION_COMMENTS = YES;
				CLANG_WARN_EMPTY_BODY = YES;
				CLANG_WARN_ENUM_CONVERSION = YES;
				CLANG_WARN_INFINITE_RECURSION = YES;
				CLANG_WARN_INT_CONVERSION = YES;
				CLANG_WARN_NON_LITERAL_NULL_CONVERSION = YES;
				CLANG_WARN_OBJC_IMPLICIT_RETAIN_SELF = YES;
				CLANG_WARN_OBJC_LITERAL_CONVERSION = YES;
				CLANG_WARN_OBJC_ROOT_CLASS = YES_ERROR;
				CLANG_WARN_QUOTED_INCLUDE_IN_FRAMEWORK_HEADER = YES;
				CLANG_WARN_RANGE_LOOP_ANALYSIS = YES;
				CLANG_WARN_STRICT_PROTOTYPES = YES;
				CLANG_WARN_SUSPICIOUS_MOVE = YES;
				CLANG_WARN_UNGUARDED_AVAILABILITY = YES_AGGRESSIVE;
				CLANG_WARN_UNREACHABLE_CODE = YES;
				CLANG_WARN__DUPLICATE_METHOD_MATCH = YES;
				COPY_PHASE_STRIP = NO;
				DEBUG_INFORMATION_FORMAT = "dwarf-with-dsym";
				DEVELOPMENT_TEAM = 7U97V8874V;
				ENABLE_NS_ASSERTIONS = NO;
				ENABLE_STRICT_OBJC_MSGSEND = YES;
				ENABLE_USER_SCRIPT_SANDBOXING = YES;
				GCC_C_LANGUAGE_STANDARD = gnu17;
				GCC_NO_COMMON_BLOCKS = YES;
				GCC_WARN_64_TO_32_BIT_CONVERSION = YES;
				GCC_WARN_ABOUT_RETURN_TYPE = YES_ERROR;
				GCC_WARN_UNDECLARED_SELECTOR = YES;
				GCC_WARN_UNINITIALIZED_AUTOS = YES_AGGRESSIVE;
				GCC_WARN_UNUSED_FUNCTION = YES;
				GCC_WARN_UNUSED_VARIABLE = YES;
				IPHONEOS_DEPLOYMENT_TARGET = 18.5;
				LOCALIZATION_PREFERS_STRING_CATALOGS = YES;
				MTL_ENABLE_DEBUG_INFO = NO;
				MTL_FAST_MATH = YES;
				SDKROOT = iphoneos;
				SWIFT_COMPILATION_MODE = wholemodule;
				VALIDATE_PRODUCT = YES;
			};
			name = Release;
		};
		D8DF1A412E54D5FC00DA5504 /* Debug */ = {
			isa = XCBuildConfiguration;
			buildSettings = {
				ASSETCATALOG_COMPILER_APPICON_NAME = AppIcon;
				ASSETCATALOG_COMPILER_GLOBAL_ACCENT_COLOR_NAME = AccentColor;
				CODE_SIGN_STYLE = Automatic;
				CURRENT_PROJECT_VERSION = 1;
				DEVELOPMENT_TEAM = 7U97V8874V;
				ENABLE_PREVIEWS = YES;
				GENERATE_INFOPLIST_FILE = YES;
				INFOPLIST_KEY_UIApplicationSceneManifest_Generation = YES;
				INFOPLIST_KEY_UIApplicationSupportsIndirectInputEvents = YES;
				INFOPLIST_KEY_UILaunchScreen_Generation = YES;
				INFOPLIST_KEY_UISupportedInterfaceOrientations_iPad = "UIInterfaceOrientationPortrait UIInterfaceOrientationPortraitUpsideDown UIInterfaceOrientationLandscapeLeft UIInterfaceOrientationLandscapeRight";
				INFOPLIST_KEY_UISupportedInterfaceOrientations_iPhone = "UIInterfaceOrientationPortrait UIInterfaceOrientationLandscapeLeft UIInterfaceOrientationLandscapeRight";
				LD_RUNPATH_SEARCH_PATHS = (
					"$(inherited)",
					"@executable_path/Frameworks",
				);
				MARKETING_VERSION = 1.0;
				PRODUCT_BUNDLE_IDENTIFIER = com.hazelzeng.PawCare;
				PRODUCT_NAME = "$(TARGET_NAME)";
				SWIFT_EMIT_LOC_STRINGS = YES;
				SWIFT_VERSION = 5.0;
				TARGETED_DEVICE_FAMILY = "1,2";
			};
			name = Debug;
		};
		D8DF1A422E54D5FC00DA5504 /* Release */ = {
			isa = XCBuildConfiguration;
			buildSettings = {
				ASSETCATALOG_COMPILER_APPICON_NAME = AppIcon;
				ASSETCATALOG_COMPILER_GLOBAL_ACCENT_COLOR_NAME = AccentColor;
				CODE_SIGN_STYLE = Automatic;
				CURRENT_PROJECT_VERSION = 1;
				DEVELOPMENT_TEAM = 7U97V8874V;
				ENABLE_PREVIEWS = YES;
				GENERATE_INFOPLIST_FILE = YES;
				INFOPLIST_KEY_UIApplicationSceneManifest_Generation = YES;
				INFOPLIST_KEY_UIApplicationSupportsIndirectInputEvents = YES;
				INFOPLIST_KEY_UILaunchScreen_Generation = YES;
				INFOPLIST_KEY_UISupportedInterfaceOrientations_iPad = "UIInterfaceOrientationPortrait UIInterfaceOrientationPortraitUpsideDown UIInterfaceOrientationLandscapeLeft UIInterfaceOrientationLandscapeRight";
				INFOPLIST_KEY_UISupportedInterfaceOrientations_iPhone = "UIInterfaceOrientationPortrait UIInterfaceOrientationLandscapeLeft UIInterfaceOrientationLandscapeRight";
				LD_RUNPATH_SEARCH_PATHS = (
					"$(inherited)",
					"@executable_path/Frameworks",
				);
				MARKETING_VERSION = 1.0;
				PRODUCT_BUNDLE_IDENTIFIER = com.hazelzeng.PawCare;
				PRODUCT_NAME = "$(TARGET_NAME)";
				SWIFT_EMIT_LOC_STRINGS = YES;
				SWIFT_VERSION = 5.0;
				TARGETED_DEVICE_FAMILY = "1,2";
			};
			name = Release;
		};
		D8DF1A442E54D5FC00DA5504 /* Debug */ = {
			isa = XCBuildConfiguration;
			buildSettings = {
				BUNDLE_LOADER = "$(TEST_HOST)";
				CODE_SIGN_STYLE = Automatic;
				CURRENT_PROJECT_VERSION = 1;
				DEVELOPMENT_TEAM = 7U97V8874V;
				GENERATE_INFOPLIST_FILE = YES;
				IPHONEOS_DEPLOYMENT_TARGET = 18.5;
				MARKETING_VERSION = 1.0;
				PRODUCT_BUNDLE_IDENTIFIER = com.hazelzeng.PawCareTests;
				PRODUCT_NAME = "$(TARGET_NAME)";
				SWIFT_EMIT_LOC_STRINGS = NO;
				SWIFT_VERSION = 5.0;
				TARGETED_DEVICE_FAMILY = "1,2";
				TEST_HOST = "$(BUILT_PRODUCTS_DIR)/PawCare.app/$(BUNDLE_EXECUTABLE_FOLDER_PATH)/PawCare";
			};
			name = Debug;
		};
		D8DF1A452E54D5FC00DA5504 /* Release */ = {
			isa = XCBuildConfiguration;
			buildSettings = {
				BUNDLE_LOADER = "$(TEST_HOST)";
				CODE_SIGN_STYLE = Automatic;
				CURRENT_PROJECT_VERSION = 1;
				DEVELOPMENT_TEAM = 7U97V8874V;
				GENERATE_INFOPLIST_FILE = YES;
				IPHONEOS_DEPLOYMENT_TARGET = 18.5;
				MARKETING_VERSION = 1.0;
				PRODUCT_BUNDLE_IDENTIFIER = com.hazelzeng.PawCareTests;
				PRODUCT_NAME = "$(TARGET_NAME)";
				SWIFT_EMIT_LOC_STRINGS = NO;
				SWIFT_VERSION = 5.0;
				TARGETED_DEVICE_FAMILY = "1,2";
				TEST_HOST = "$(BUILT_PRODUCTS_DIR)/PawCare.app/$(BUNDLE_EXECUTABLE_FOLDER_PATH)/PawCare";
			};
			name = Release;
		};
		D8DF1A472E54D5FC00DA5504 /* Debug */ = {
			isa = XCBuildConfiguration;
			buildSettings = {
				CODE_SIGN_STYLE = Automatic;
				CURRENT_PROJECT_VERSION = 1;
				DEVELOPMENT_TEAM = 7U97V8874V;
				GENERATE_INFOPLIST_FILE = YES;
				MARKETING_VERSION = 1.0;
				PRODUCT_BUNDLE_IDENTIFIER = com.hazelzeng.PawCareUITests;
				PRODUCT_NAME = "$(TARGET_NAME)";
				SWIFT_EMIT_LOC_STRINGS = NO;
				SWIFT_VERSION = 5.0;
				TARGETED_DEVICE_FAMILY = "1,2";
				TEST_TARGET_NAME = PawCare;
			};
			name = Debug;
		};
		D8DF1A482E54D5FC00DA5504 /* Release */ = {
			isa = XCBuildConfiguration;
			buildSettings = {
				CODE_SIGN_STYLE = Automatic;
				CURRENT_PROJECT_VERSION = 1;
				DEVELOPMENT_TEAM = 7U97V8874V;
				GENERATE_INFOPLIST_FILE = YES;
				MARKETING_VERSION = 1.0;
				PRODUCT_BUNDLE_IDENTIFIER = com.hazelzeng.PawCareUITests;
				PRODUCT_NAME = "$(TARGET_NAME)";
				SWIFT_EMIT_LOC_STRINGS = NO;
				SWIFT_VERSION = 5.0;
				TARGETED_DEVICE_FAMILY = "1,2";
				TEST_TARGET_NAME = PawCare;
			};
			name = Release;
		};
/* End XCBuildConfiguration section */

/* Begin XCConfigurationList section */
		D8DF1A1A2E54D5FA00DA5504 /* Build configuration list for PBXProject "PawCare" */ = {
			isa = XCConfigurationList;
			buildConfigurations = (
				D8DF1A3E2E54D5FC00DA5504 /* Debug */,
				D8DF1A3F2E54D5FC00DA5504 /* Release */,
			);
			defaultConfigurationIsVisible = 0;
			defaultConfigurationName = Release;
		};
		D8DF1A402E54D5FC00DA5504 /* Build configuration list for PBXNativeTarget "PawCare" */ = {
			isa = XCConfigurationList;
			buildConfigurations = (
				D8DF1A412E54D5FC00DA5504 /* Debug */,
				D8DF1A422E54D5FC00DA5504 /* Release */,
			);
			defaultConfigurationIsVisible = 0;
			defaultConfigurationName = Release;
		};
		D8DF1A432E54D5FC00DA5504 /* Build configuration list for PBXNativeTarget "PawCareTests" */ = {
			isa = XCConfigurationList;
			buildConfigurations = (
				D8DF1A442E54D5FC00DA5504 /* Debug */,
				D8DF1A452E54D5FC00DA5504 /* Release */,
			);
			defaultConfigurationIsVisible = 0;
			defaultConfigurationName = Release;
		};
		D8DF1A462E54D5FC00DA5504 /* Build configuration list for PBXNativeTarget "PawCareUITests" */ = {
			isa = XCConfigurationList;
			buildConfigurations = (
				D8DF1A472E54D5FC00DA5504 /* Debug */,
				D8DF1A482E54D5FC00DA5504 /* Release */,
			);
			defaultConfigurationIsVisible = 0;
			defaultConfigurationName = Release;
		};
/* End XCConfigurationList section */
	};
	rootObject = D8DF1A172E54D5FA00DA5504 /* Project object */;
}
